
Microsoft Visual Studio Solution File, Format Version 12.00
# Visual Studio Version 17
VisualStudioVersion = 17.4.33403.182
MinimumVisualStudioVersion = 10.0.40219.1
Project("{FAE04EC0-301F-11D3-BF4B-00C04F79EFBC}") = "TestProject1", "TestProject1\TestProject1.csproj", "{388CC47A-6A59-4A5C-B34E-F664DA614EE0}"
EndProject
Project("{2150E333-8FDC-42A3-9474-1A3956D46DE8}") = "方案項目", "方案項目", "{6F232C0F-54C1-4123-BA5B-A439F302A1BC}"
	ProjectSection(SolutionItems) = preProject
		Test8.cs = Test8.cs
	EndProjectSection
EndProject
Global
	GlobalSection(SolutionConfigurationPlatforms) = preSolution
		Debug|Any CPU = Debug|Any CPU
		Release|Any CPU = Release|Any CPU
	EndGlobalSection
	GlobalSection(ProjectConfigurationPlatforms) = postSolution
		{388CC47A-6A59-4A5C-B34E-F664DA614EE0}.Debug|Any CPU.ActiveCfg = Debug|Any CPU
		{388CC47A-6A59-4A5C-B34E-F664DA614EE0}.Debug|Any CPU.Build.0 = Debug|Any CPU
		{388CC47A-6A59-4A5C-B34E-F664DA614EE0}.Release|Any CPU.ActiveCfg = Release|Any CPU
		{388CC47A-6A59-4A5C-B34E-F664DA614EE0}.Release|Any CPU.Build.0 = Release|Any CPU
	EndGlobalSection
	GlobalSection(SolutionProperties) = preSolution
		HideSolutionNode = FALSE
	EndGlobalSection
	GlobalSection(ExtensibilityGlobals) = postSolution
		SolutionGuid = {49641447-1F1A-4CF3-A6C2-9A488A108F36}
	EndGlobalSection
EndGlobal
